
Microsoft Visual Studio Solution File, Format Version 11.00
# Visual Studio 2010
Project("{8BC9CEB8-8B4A-11D0-8D11-00A0C91BC942}") = "Transport1", "Transport1\Transport1.vcxproj", "{BAA6BCEE-F5F5-4E3F-B3BF-B8F009B8E31F}"
EndProject
Project("{8BC9CEB8-8B4A-11D0-8D11-00A0C91BC942}") = "Transport2", "Transport2\Transport2.vcxproj", "{B9D63230-3C63-41C1-A7F2-4FAC1F97FF5F}"
EndProject
Project("{8BC9CEB8-8B4A-11D0-8D11-00A0C91BC942}") = "Transport3", "Transport3\Transport3.vcxproj", "{42BF2D9C-7413-4F79-8028-3FA2763C8E18}"
EndProject
Project("{8BC9CEB8-8B4A-11D0-8D11-00A0C91BC942}") = "Transport4", "Transport4\Transport4.vcxproj", "{12401350-AB1F-4BD4-9313-A8F8C28DBCEB}"
EndProject
Project("{8BC9CEB8-8B4A-11D0-8D11-00A0C91BC942}") = "Transport5", "Transport5\Transport5.vcxproj", "{99B4D518-8FFA-4214-A932-E043F9788FAD}"
EndProject
Project("{8BC9CEB8-8B4A-11D0-8D11-00A0C91BC942}") = "Transport6", "Transport6\Transport6.vcxproj", "{23BBF5DF-6C4B-4E0F-AAB4-5130C489F8CB}"
EndProject
Project("{8BC9CEB8-8B4A-11D0-8D11-00A0C91BC942}") = "Transport7", "Transport7\Transport7.vcxproj", "{2979F84B-B1AE-42F2-BB2B-05DCC4179B1E}"
EndProject
Project("{8BC9CEB8-8B4A-11D0-8D11-00A0C91BC942}") = "Transport8", "Transport8\Transport8.vcxproj", "{CD899934-EABE-4201-9FA9-B5D0D856FD9D}"
EndProject
Project("{8BC9CEB8-8B4A-11D0-8D11-00A0C91BC942}") = "Transport9", "Transport9\Transport9.vcxproj", "{25F0F05D-5CFB-4CD5-AF1C-8814BD285EDC}"
EndProject
Project("{8BC9CEB8-8B4A-11D0-8D11-00A0C91BC942}") = "Transport10", "Transport10\Transport10.vcxproj", "{4007D5B7-70C1-4789-BE7D-BF1A43D98A74}"
EndProject
Project("{8BC9CEB8-8B4A-11D0-8D11-00A0C91BC942}") = "Transport11", "Transport11\Transport11.vcxproj", "{88748BC8-B8C4-47C9-9084-71D233714742}"
EndProject
Global
	GlobalSection(SolutionConfigurationPlatforms) = preSolution
		Debug|Win32 = Debug|Win32
		Debug|x64 = Debug|x64
		Release|Win32 = Release|Win32
		Release|x64 = Release|x64
	EndGlobalSection
	GlobalSection(ProjectConfigurationPlatforms) = postSolution
		{BAA6BCEE-F5F5-4E3F-B3BF-B8F009B8E31F}.Debug|Win32.ActiveCfg = Debug|Win32
		{BAA6BCEE-F5F5-4E3F-B3BF-B8F009B8E31F}.Debug|Win32.Build.0 = Debug|Win32
		{BAA6BCEE-F5F5-4E3F-B3BF-B8F009B8E31F}.Debug|x64.ActiveCfg = Debug|x64
		{BAA6BCEE-F5F5-4E3F-B3BF-B8F009B8E31F}.Debug|x64.Build.0 = Debug|x64
		{BAA6BCEE-F5F5-4E3F-B3BF-B8F009B8E31F}.Release|Win32.ActiveCfg = Release|Win32
		{BAA6BCEE-F5F5-4E3F-B3BF-B8F009B8E31F}.Release|Win32.Build.0 = Release|Win32
		{BAA6BCEE-F5F5-4E3F-B3BF-B8F009B8E31F}.Release|x64.ActiveCfg = Release|x64
		{BAA6BCEE-F5F5-4E3F-B3BF-B8F009B8E31F}.Release|x64.Build.0 = Release|x64
		{B9D63230-3C63-41C1-A7F2-4FAC1F97FF5F}.Debug|Win32.ActiveCfg = Debug|Win32
		{B9D63230-3C63-41C1-A7F2-4FAC1F97FF5F}.Debug|Win32.Build.0 = Debug|Win32
		{B9D63230-3C63-41C1-A7F2-4FAC1F97FF5F}.Debug|x64.ActiveCfg = Debug|x64
		{B9D63230-3C63-41C1-A7F2-4FAC1F97FF5F}.Debug|x64.Build.0 = Debug|x64
		{B9D63230-3C63-41C1-A7F2-4FAC1F97FF5F}.Release|Win32.ActiveCfg = Release|Win32
		{B9D63230-3C63-41C1-A7F2-4FAC1F97FF5F}.Release|Win32.Build.0 = Release|Win32
		{B9D63230-3C63-41C1-A7F2-4FAC1F97FF5F}.Release|x64.ActiveCfg = Release|x64
		{B9D63230-3C63-41C1-A7F2-4FAC1F97FF5F}.Release|x64.Build.0 = Release|x64
		{42BF2D9C-7413-4F79-8028-3FA2763C8E18}.Debug|Win32.ActiveCfg = Debug|Win32
		{42BF2D9C-7413-4F79-8028-3FA2763C8E18}.Debug|Win32.Build.0 = Debug|Win32
		{42BF2D9C-7413-4F79-8028-3FA2763C8E18}.Debug|x64.ActiveCfg = Debug|x64
		{42BF2D9C-7413-4F79-8028-3FA2763C8E18}.Debug|x64.Build.0 = Debug|x64
		{42BF2D9C-7413-4F79-8028-3FA2763C8E18}.Release|Win32.ActiveCfg = Release|Win32
		{42BF2D9C-7413-4F79-8028-3FA2763C8E18}.Release|Win32.Build.0 = Release|Win32
		{42BF2D9C-7413-4F79-8028-3FA2763C8E18}.Release|x64.ActiveCfg = Release|x64
		{42BF2D9C-7413-4F79-8028-3FA2763C8E18}.Release|x64.Build.0 = Release|x64
		{12401350-AB1F-4BD4-9313-A8F8C28DBCEB}.Debug|Win32.ActiveCfg = Debug|Win32
		{12401350-AB1F-4BD4-9313-A8F8C28DBCEB}.Debug|Win32.Build.0 = Debug|Win32
		{12401350-AB1F-4BD4-9313-A8F8C28DBCEB}.Debug|x64.ActiveCfg = Debug|x64
		{12401350-AB1F-4BD4-9313-A8F8C28DBCEB}.Debug|x64.Build.0 = Debug|x64
		{12401350-AB1F-4BD4-9313-A8F8C28DBCEB}.Release|Win32.ActiveCfg = Release|Win32
		{12401350-AB1F-4BD4-9313-A8F8C28DBCEB}.Release|Win32.Build.0 = Release|Win32
		{12401350-AB1F-4BD4-9313-A8F8C28DBCEB}.Release|x64.ActiveCfg = Release|x64
		{12401350-AB1F-4BD4-9313-A8F8C28DBCEB}.Release|x64.Build.0 = Release|x64
		{99B4D518-8FFA-4214-A932-E043F9788FAD}.Debug|Win32.ActiveCfg = Debug|Win32
		{99B4D518-8FFA-4214-A932-E043F9788FAD}.Debug|Win32.Build.0 = Debug|Win32
		{99B4D518-8FFA-4214-A932-E043F9788FAD}.Debug|x64.ActiveCfg = Debug|x64
		{99B4D518-8FFA-4214-A932-E043F9788FAD}.Debug|x64.Build.0 = Debug|x64
		{99B4D518-8FFA-4214-A932-E043F9788FAD}.Release|Win32.ActiveCfg = Release|Win32
		{99B4D518-8FFA-4214-A932-E043F9788FAD}.Release|Win32.Build.0 = Release|Win32
		{99B4D518-8FFA-4214-A932-E043F9788FAD}.Release|x64.ActiveCfg = Release|x64
		{99B4D518-8FFA-4214-A932-E043F9788FAD}.Release|x64.Build.0 = Release|x64
		{23BBF5DF-6C4B-4E0F-AAB4-5130C489F8CB}.Debug|Win32.ActiveCfg = Debug|Win32
		{23BBF5DF-6C4B-4E0F-AAB4-5130C489F8CB}.Debug|Win32.Build.0 = Debug|Win32
		{23BBF5DF-6C4B-4E0F-AAB4-5130C489F8CB}.Debug|x64.ActiveCfg = Debug|x64
		{23BBF5DF-6C4B-4E0F-AAB4-5130C489F8CB}.Debug|x64.Build.0 = Debug|x64
		{23BBF5DF-6C4B-4E0F-AAB4-5130C489F8CB}.Release|Win32.ActiveCfg = Release|Win32
		{23BBF5DF-6C4B-4E0F-AAB4-5130C489F8CB}.Release|Win32.Build.0 = Release|Win32
		{23BBF5DF-6C4B-4E0F-AAB4-5130C489F8CB}.Release|x64.ActiveCfg = Release|x64
		{23BBF5DF-6C4B-4E0F-AAB4-5130C489F8CB}.Release|x64.Build.0 = Release|x64
		{2979F84B-B1AE-42F2-BB2B-05DCC4179B1E}.Debug|Win32.ActiveCfg = Debug|Win32
		{2979F84B-B1AE-42F2-BB2B-05DCC4179B1E}.Debug|Win32.Build.0 = Debug|Win32
		{2979F84B-B1AE-42F2-BB2B-05DCC4179B1E}.Debug|x64.ActiveCfg = Debug|x64
		{2979F84B-B1AE-42F2-BB2B-05DCC4179B1E}.Debug|x64.Build.0 = Debug|x64
		{2979F84B-B1AE-42F2-BB2B-05DCC4179B1E}.Release|Win32.ActiveCfg = Release|Win32
		{2979F84B-B1AE-42F2-BB2B-05DCC4179B1E}.Release|Win32.Build.0 = Release|Win32
		{2979F84B-B1AE-42F2-BB2B-05DCC4179B1E}.Release|x64.ActiveCfg = Release|x64
		{2979F84B-B1AE-42F2-BB2B-05DCC4179B1E}.Release|x64.Build.0 = Release|x64
		{CD899934-EABE-4201-9FA9-B5D0D856FD9D}.Debug|Win32.ActiveCfg = Debug|Win32
		{CD899934-EABE-4201-9FA9-B5D0D856FD9D}.Debug|Win32.Build.0 = Debug|Win32
		{CD899934-EABE-4201-9FA9-B5D0D856FD9D}.Debug|x64.ActiveCfg = Debug|x64
		{CD899934-EABE-4201-9FA9-B5D0D856FD9D}.Debug|x64.Build.0 = Debug|x64
		{CD899934-EABE-4201-9FA9-B5D0D856FD9D}.Release|Win32.ActiveCfg = Release|Win32
		{CD899934-EABE-4201-9FA9-B5D0D856FD9D}.Release|Win32.Build.0 = Release|Win32
		{CD899934-EABE-4201-9FA9-B5D0D856FD9D}.Release|x64.ActiveCfg = Release|x64
		{CD899934-EABE-4201-9FA9-B5D0D856FD9D}.Release|x64.Build.0 = Release|x64
		{25F0F05D-5CFB-4CD5-AF1C-8814BD285EDC}.Debug|Win32.ActiveCfg = Debug|Win32
		{25F0F05D-5CFB-4CD5-AF1C-8814BD285EDC}.Debug|Win32.Build.0 = Debug|Win32
		{25F0F05D-5CFB-4CD5-AF1C-8814BD285EDC}.Debug|x64.ActiveCfg = Debug|x64
		{25F0F05D-5CFB-4CD5-AF1C-8814BD285EDC}.Debug|x64.Build.0 = Debug|x64
		{25F0F05D-5CFB-4CD5-AF1C-8814BD285EDC}.Release|Win32.ActiveCfg = Release|Win32
		{25F0F05D-5CFB-4CD5-AF1C-8814BD285EDC}.Release|Win32.Build.0 = Release|Win32
		{25F0F05D-5CFB-4CD5-AF1C-8814BD285EDC}.Release|x64.ActiveCfg = Release|x64
		{25F0F05D-5CFB-4CD5-AF1C-8814BD285EDC}.Release|x64.Build.0 = Release|x64
		{4007D5B7-70C1-4789-BE7D-BF1A43D98A74}.Debug|Win32.ActiveCfg = Debug|Win32
		{4007D5B7-70C1-4789-BE7D-BF1A43D98A74}.Debug|Win32.Build.0 = Debug|Win32
		{4007D5B7-70C1-4789-BE7D-BF1A43D98A74}.Debug|x64.ActiveCfg = Debug|x64
		{4007D5B7-70C1-4789-BE7D-BF1A43D98A74}.Debug|x64.Build.0 = Debug|x64
		{4007D5B7-70C1-4789-BE7D-BF1A43D98A74}.Release|Win32.ActiveCfg = Release|Win32
		{4007D5B7-70C1-4789-BE7D-BF1A43D98A74}.Release|Win32.Build.0 = Release|Win32
		{4007D5B7-70C1-4789-BE7D-BF1A43D98A74}.Release|x64.ActiveCfg = Release|x64
		{4007D5B7-70C1-4789-BE7D-BF1A43D98A74}.Release|x64.Build.0 = Release|x64
		{88748BC8-B8C4-47C9-9084-71D233714742}.Debug|Win32.ActiveCfg = Debug|Win32
		{88748BC8-B8C4-47C9-9084-71D233714742}.Debug|Win32.Build.0 = Debug|Win32
		{88748BC8-B8C4-47C9-9084-71D233714742}.Debug|x64.ActiveCfg = Debug|x64
		{88748BC8-B8C4-47C9-9084-71D233714742}.Debug|x64.Build.0 = Debug|x64
		{88748BC8-B8C4-47C9-9084-71D233714742}.Release|Win32.ActiveCfg = Release|Win32
		{88748BC8-B8C4-47C9-9084-71D233714742}.Release|Win32.Build.0 = Release|Win32
		{88748BC8-B8C4-47C9-9084-71D233714742}.Release|x64.ActiveCfg = Release|x64
		{88748BC8-B8C4-47C9-9084-71D233714742}.Release|x64.Build.0 = Release|x64
	EndGlobalSection
	GlobalSection(SolutionProperties) = preSolution
		HideSolutionNode = FALSE
	EndGlobalSection
EndGlobal
