
Microsoft Visual Studio Solution File, Format Version 11.00
# Visual Studio 2010
Project("{FAE04EC0-301F-11D3-BF4B-00C04F79EFBC}") = "Transport3", "Transport3\Transport3.csproj", "{F4041BD8-C6C6-49E4-8B3B-208D62350176}"
EndProject
Project("{FAE04EC0-301F-11D3-BF4B-00C04F79EFBC}") = "Transport4", "Transport4\Transport4.csproj", "{592CF952-DFBB-4DB1-84BE-7CAD59FE56A5}"
EndProject
Project("{FAE04EC0-301F-11D3-BF4B-00C04F79EFBC}") = "Transport5", "Transport5\Transport5.csproj", "{A39C5F5C-8213-4865-B745-5FA3D8A6D201}"
EndProject
Project("{FAE04EC0-301F-11D3-BF4B-00C04F79EFBC}") = "Transport6", "Transport6\Transport6.csproj", "{D1619BB2-EFF4-47A4-91EF-C81A5E364FEE}"
EndProject
Project("{FAE04EC0-301F-11D3-BF4B-00C04F79EFBC}") = "Transport7", "Transport7\Transport7.csproj", "{0BC1132A-F831-4B31-91C1-CBEA26F66DD0}"
EndProject
Project("{FAE04EC0-301F-11D3-BF4B-00C04F79EFBC}") = "Transport8", "Transport8\Transport8.csproj", "{C4D0E2F0-BFA5-4CEE-8BF7-4461A12AF540}"
EndProject
Project("{FAE04EC0-301F-11D3-BF4B-00C04F79EFBC}") = "Transport1", "Transport1\Transport1.csproj", "{55671726-F5E2-4182-A1E9-3306D62A17B0}"
EndProject
Project("{FAE04EC0-301F-11D3-BF4B-00C04F79EFBC}") = "Transport2", "Transport2\Transport2.csproj", "{892C155D-F588-4A56-ACEE-ABC69764F464}"
EndProject
Project("{FAE04EC0-301F-11D3-BF4B-00C04F79EFBC}") = "Transport9", "Transport9\Transport9.csproj", "{3B248136-B431-4D98-BBFB-09E261852FD5}"
EndProject
Project("{FAE04EC0-301F-11D3-BF4B-00C04F79EFBC}") = "Transport10", "Transport10\Transport10.csproj", "{597AE1EA-B15B-44B5-B82D-74216B1D25D9}"
EndProject
Project("{FAE04EC0-301F-11D3-BF4B-00C04F79EFBC}") = "Transport11", "Transport11\Transport11.csproj", "{87D8B7BF-9291-412D-8DE7-4E96C8E562E1}"
EndProject
Project("{FAE04EC0-301F-11D3-BF4B-00C04F79EFBC}") = "Transport12", "Transport12\Transport12.csproj", "{5B8E532E-EAA9-4E7C-B2FC-0D36B0046A20}"
EndProject
Global
	GlobalSection(SolutionConfigurationPlatforms) = preSolution
		Debug|x64 = Debug|x64
		Debug|x86 = Debug|x86
		Release|x64 = Release|x64
		Release|x86 = Release|x86
	EndGlobalSection
	GlobalSection(ProjectConfigurationPlatforms) = postSolution
		{F4041BD8-C6C6-49E4-8B3B-208D62350176}.Debug|x64.ActiveCfg = Debug|x64
		{F4041BD8-C6C6-49E4-8B3B-208D62350176}.Debug|x64.Build.0 = Debug|x64
		{F4041BD8-C6C6-49E4-8B3B-208D62350176}.Debug|x86.ActiveCfg = Debug|x86
		{F4041BD8-C6C6-49E4-8B3B-208D62350176}.Debug|x86.Build.0 = Debug|x86
		{F4041BD8-C6C6-49E4-8B3B-208D62350176}.Release|x64.ActiveCfg = Release|x64
		{F4041BD8-C6C6-49E4-8B3B-208D62350176}.Release|x64.Build.0 = Release|x64
		{F4041BD8-C6C6-49E4-8B3B-208D62350176}.Release|x86.ActiveCfg = Release|x86
		{F4041BD8-C6C6-49E4-8B3B-208D62350176}.Release|x86.Build.0 = Release|x86
		{592CF952-DFBB-4DB1-84BE-7CAD59FE56A5}.Debug|x64.ActiveCfg = Debug|x64
		{592CF952-DFBB-4DB1-84BE-7CAD59FE56A5}.Debug|x64.Build.0 = Debug|x64
		{592CF952-DFBB-4DB1-84BE-7CAD59FE56A5}.Debug|x86.ActiveCfg = Debug|x86
		{592CF952-DFBB-4DB1-84BE-7CAD59FE56A5}.Debug|x86.Build.0 = Debug|x86
		{592CF952-DFBB-4DB1-84BE-7CAD59FE56A5}.Release|x64.ActiveCfg = Release|x64
		{592CF952-DFBB-4DB1-84BE-7CAD59FE56A5}.Release|x64.Build.0 = Release|x64
		{592CF952-DFBB-4DB1-84BE-7CAD59FE56A5}.Release|x86.ActiveCfg = Release|x86
		{592CF952-DFBB-4DB1-84BE-7CAD59FE56A5}.Release|x86.Build.0 = Release|x86
		{A39C5F5C-8213-4865-B745-5FA3D8A6D201}.Debug|x64.ActiveCfg = Debug|x64
		{A39C5F5C-8213-4865-B745-5FA3D8A6D201}.Debug|x64.Build.0 = Debug|x64
		{A39C5F5C-8213-4865-B745-5FA3D8A6D201}.Debug|x86.ActiveCfg = Debug|x86
		{A39C5F5C-8213-4865-B745-5FA3D8A6D201}.Debug|x86.Build.0 = Debug|x86
		{A39C5F5C-8213-4865-B745-5FA3D8A6D201}.Release|x64.ActiveCfg = Release|x64
		{A39C5F5C-8213-4865-B745-5FA3D8A6D201}.Release|x64.Build.0 = Release|x64
		{A39C5F5C-8213-4865-B745-5FA3D8A6D201}.Release|x86.ActiveCfg = Release|x86
		{A39C5F5C-8213-4865-B745-5FA3D8A6D201}.Release|x86.Build.0 = Release|x86
		{D1619BB2-EFF4-47A4-91EF-C81A5E364FEE}.Debug|x64.ActiveCfg = Debug|x64
		{D1619BB2-EFF4-47A4-91EF-C81A5E364FEE}.Debug|x64.Build.0 = Debug|x64
		{D1619BB2-EFF4-47A4-91EF-C81A5E364FEE}.Debug|x86.ActiveCfg = Debug|x86
		{D1619BB2-EFF4-47A4-91EF-C81A5E364FEE}.Debug|x86.Build.0 = Debug|x86
		{D1619BB2-EFF4-47A4-91EF-C81A5E364FEE}.Release|x64.ActiveCfg = Release|x64
		{D1619BB2-EFF4-47A4-91EF-C81A5E364FEE}.Release|x64.Build.0 = Release|x64
		{D1619BB2-EFF4-47A4-91EF-C81A5E364FEE}.Release|x86.ActiveCfg = Release|x86
		{D1619BB2-EFF4-47A4-91EF-C81A5E364FEE}.Release|x86.Build.0 = Release|x86
		{0BC1132A-F831-4B31-91C1-CBEA26F66DD0}.Debug|x64.ActiveCfg = Debug|x64
		{0BC1132A-F831-4B31-91C1-CBEA26F66DD0}.Debug|x64.Build.0 = Debug|x64
		{0BC1132A-F831-4B31-91C1-CBEA26F66DD0}.Debug|x86.ActiveCfg = Debug|x86
		{0BC1132A-F831-4B31-91C1-CBEA26F66DD0}.Debug|x86.Build.0 = Debug|x86
		{0BC1132A-F831-4B31-91C1-CBEA26F66DD0}.Release|x64.ActiveCfg = Release|x64
		{0BC1132A-F831-4B31-91C1-CBEA26F66DD0}.Release|x64.Build.0 = Release|x64
		{0BC1132A-F831-4B31-91C1-CBEA26F66DD0}.Release|x86.ActiveCfg = Release|x86
		{0BC1132A-F831-4B31-91C1-CBEA26F66DD0}.Release|x86.Build.0 = Release|x86
		{C4D0E2F0-BFA5-4CEE-8BF7-4461A12AF540}.Debug|x64.ActiveCfg = Debug|x64
		{C4D0E2F0-BFA5-4CEE-8BF7-4461A12AF540}.Debug|x64.Build.0 = Debug|x64
		{C4D0E2F0-BFA5-4CEE-8BF7-4461A12AF540}.Debug|x86.ActiveCfg = Debug|x86
		{C4D0E2F0-BFA5-4CEE-8BF7-4461A12AF540}.Debug|x86.Build.0 = Debug|x86
		{C4D0E2F0-BFA5-4CEE-8BF7-4461A12AF540}.Release|x64.ActiveCfg = Release|x64
		{C4D0E2F0-BFA5-4CEE-8BF7-4461A12AF540}.Release|x64.Build.0 = Release|x64
		{C4D0E2F0-BFA5-4CEE-8BF7-4461A12AF540}.Release|x86.ActiveCfg = Release|x86
		{C4D0E2F0-BFA5-4CEE-8BF7-4461A12AF540}.Release|x86.Build.0 = Release|x86
		{55671726-F5E2-4182-A1E9-3306D62A17B0}.Debug|x64.ActiveCfg = Debug|x64
		{55671726-F5E2-4182-A1E9-3306D62A17B0}.Debug|x64.Build.0 = Debug|x64
		{55671726-F5E2-4182-A1E9-3306D62A17B0}.Debug|x86.ActiveCfg = Debug|x86
		{55671726-F5E2-4182-A1E9-3306D62A17B0}.Debug|x86.Build.0 = Debug|x86
		{55671726-F5E2-4182-A1E9-3306D62A17B0}.Release|x64.ActiveCfg = Release|x64
		{55671726-F5E2-4182-A1E9-3306D62A17B0}.Release|x64.Build.0 = Release|x64
		{55671726-F5E2-4182-A1E9-3306D62A17B0}.Release|x86.ActiveCfg = Release|x86
		{55671726-F5E2-4182-A1E9-3306D62A17B0}.Release|x86.Build.0 = Release|x86
		{892C155D-F588-4A56-ACEE-ABC69764F464}.Debug|x64.ActiveCfg = Debug|x64
		{892C155D-F588-4A56-ACEE-ABC69764F464}.Debug|x64.Build.0 = Debug|x64
		{892C155D-F588-4A56-ACEE-ABC69764F464}.Debug|x86.ActiveCfg = Debug|x86
		{892C155D-F588-4A56-ACEE-ABC69764F464}.Debug|x86.Build.0 = Debug|x86
		{892C155D-F588-4A56-ACEE-ABC69764F464}.Release|x64.ActiveCfg = Release|x64
		{892C155D-F588-4A56-ACEE-ABC69764F464}.Release|x64.Build.0 = Release|x64
		{892C155D-F588-4A56-ACEE-ABC69764F464}.Release|x86.ActiveCfg = Release|x86
		{892C155D-F588-4A56-ACEE-ABC69764F464}.Release|x86.Build.0 = Release|x86
		{3B248136-B431-4D98-BBFB-09E261852FD5}.Debug|x64.ActiveCfg = Debug|x64
		{3B248136-B431-4D98-BBFB-09E261852FD5}.Debug|x64.Build.0 = Debug|x64
		{3B248136-B431-4D98-BBFB-09E261852FD5}.Debug|x86.ActiveCfg = Debug|x86
		{3B248136-B431-4D98-BBFB-09E261852FD5}.Debug|x86.Build.0 = Debug|x86
		{3B248136-B431-4D98-BBFB-09E261852FD5}.Release|x64.ActiveCfg = Release|x64
		{3B248136-B431-4D98-BBFB-09E261852FD5}.Release|x64.Build.0 = Release|x64
		{3B248136-B431-4D98-BBFB-09E261852FD5}.Release|x86.ActiveCfg = Release|x86
		{3B248136-B431-4D98-BBFB-09E261852FD5}.Release|x86.Build.0 = Release|x86
		{597AE1EA-B15B-44B5-B82D-74216B1D25D9}.Debug|x64.ActiveCfg = Debug|x64
		{597AE1EA-B15B-44B5-B82D-74216B1D25D9}.Debug|x64.Build.0 = Debug|x64
		{597AE1EA-B15B-44B5-B82D-74216B1D25D9}.Debug|x86.ActiveCfg = Debug|x86
		{597AE1EA-B15B-44B5-B82D-74216B1D25D9}.Debug|x86.Build.0 = Debug|x86
		{597AE1EA-B15B-44B5-B82D-74216B1D25D9}.Release|x64.ActiveCfg = Release|x64
		{597AE1EA-B15B-44B5-B82D-74216B1D25D9}.Release|x64.Build.0 = Release|x64
		{597AE1EA-B15B-44B5-B82D-74216B1D25D9}.Release|x86.ActiveCfg = Release|x86
		{597AE1EA-B15B-44B5-B82D-74216B1D25D9}.Release|x86.Build.0 = Release|x86
		{87D8B7BF-9291-412D-8DE7-4E96C8E562E1}.Debug|x64.ActiveCfg = Debug|x64
		{87D8B7BF-9291-412D-8DE7-4E96C8E562E1}.Debug|x64.Build.0 = Debug|x64
		{87D8B7BF-9291-412D-8DE7-4E96C8E562E1}.Debug|x86.ActiveCfg = Debug|x86
		{87D8B7BF-9291-412D-8DE7-4E96C8E562E1}.Debug|x86.Build.0 = Debug|x86
		{87D8B7BF-9291-412D-8DE7-4E96C8E562E1}.Release|x64.ActiveCfg = Release|x64
		{87D8B7BF-9291-412D-8DE7-4E96C8E562E1}.Release|x64.Build.0 = Release|x64
		{87D8B7BF-9291-412D-8DE7-4E96C8E562E1}.Release|x86.ActiveCfg = Release|x86
		{87D8B7BF-9291-412D-8DE7-4E96C8E562E1}.Release|x86.Build.0 = Release|x86
		{5B8E532E-EAA9-4E7C-B2FC-0D36B0046A20}.Debug|x64.ActiveCfg = Debug|x64
		{5B8E532E-EAA9-4E7C-B2FC-0D36B0046A20}.Debug|x64.Build.0 = Debug|x64
		{5B8E532E-EAA9-4E7C-B2FC-0D36B0046A20}.Debug|x86.ActiveCfg = Debug|x86
		{5B8E532E-EAA9-4E7C-B2FC-0D36B0046A20}.Debug|x86.Build.0 = Debug|x86
		{5B8E532E-EAA9-4E7C-B2FC-0D36B0046A20}.Release|x64.ActiveCfg = Release|x64
		{5B8E532E-EAA9-4E7C-B2FC-0D36B0046A20}.Release|x64.Build.0 = Release|x64
		{5B8E532E-EAA9-4E7C-B2FC-0D36B0046A20}.Release|x86.ActiveCfg = Release|x86
		{5B8E532E-EAA9-4E7C-B2FC-0D36B0046A20}.Release|x86.Build.0 = Release|x86
	EndGlobalSection
	GlobalSection(SolutionProperties) = preSolution
		HideSolutionNode = FALSE
	EndGlobalSection
EndGlobal
