
Microsoft Visual Studio Solution File, Format Version 11.00
# Visual Studio 2010
Project("{F184B08F-C81C-45F6-A57F-5ABD9991F28F}") = "Transport1", "Transport1\Transport1.vbproj", "{9AC0C365-4AFD-4C2B-B37F-EE90697C3EC8}"
EndProject
Project("{F184B08F-C81C-45F6-A57F-5ABD9991F28F}") = "Transport2", "Transport2\Transport2.vbproj", "{16A387D9-95DC-435E-869B-24DAFD169738}"
EndProject
Project("{F184B08F-C81C-45F6-A57F-5ABD9991F28F}") = "Transport3", "Transport3\Transport3.vbproj", "{B8273AC0-692F-427B-8F19-3659A70CF0FF}"
EndProject
Project("{F184B08F-C81C-45F6-A57F-5ABD9991F28F}") = "Transport4", "Transport4\Transport4.vbproj", "{9FFD9C73-9981-4AF0-806C-A98D5C4BC962}"
EndProject
Project("{F184B08F-C81C-45F6-A57F-5ABD9991F28F}") = "Transport5", "Transport5\Transport5.vbproj", "{1D57BBB1-387A-43C1-A94C-BDE44DA88C2B}"
EndProject
Project("{F184B08F-C81C-45F6-A57F-5ABD9991F28F}") = "Transport6", "Transport6\Transport6.vbproj", "{422A018A-0650-4495-B91F-2489F97F0ED7}"
EndProject
Project("{F184B08F-C81C-45F6-A57F-5ABD9991F28F}") = "Transport7", "Transport7\Transport7.vbproj", "{D8EA415D-32C7-4F83-95C6-7F2F7803AB16}"
EndProject
Project("{F184B08F-C81C-45F6-A57F-5ABD9991F28F}") = "Transport8", "Transport8\Transport8.vbproj", "{5136BC02-688E-4693-A5E8-B9F18D55D4AC}"
EndProject
Project("{F184B08F-C81C-45F6-A57F-5ABD9991F28F}") = "Transport9", "Transport9\Transport9.vbproj", "{220F220A-4DED-4B2B-8BFF-675FEE739735}"
EndProject
Project("{F184B08F-C81C-45F6-A57F-5ABD9991F28F}") = "Transport10", "Transport10\Transport10.vbproj", "{84069D70-F547-4EB8-8C87-F17498181392}"
EndProject
Project("{F184B08F-C81C-45F6-A57F-5ABD9991F28F}") = "Transport11", "Transport11\Transport11.vbproj", "{385AFA62-6925-40ED-9C7A-A957C8393214}"
EndProject
Global
	GlobalSection(SolutionConfigurationPlatforms) = preSolution
		Debug|Any CPU = Debug|Any CPU
		Debug|x64 = Debug|x64
		Debug|x86 = Debug|x86
		Release|Any CPU = Release|Any CPU
		Release|x64 = Release|x64
		Release|x86 = Release|x86
	EndGlobalSection
	GlobalSection(ProjectConfigurationPlatforms) = postSolution
		{9AC0C365-4AFD-4C2B-B37F-EE90697C3EC8}.Debug|Any CPU.ActiveCfg = Debug|Any CPU
		{9AC0C365-4AFD-4C2B-B37F-EE90697C3EC8}.Debug|Any CPU.Build.0 = Debug|Any CPU
		{9AC0C365-4AFD-4C2B-B37F-EE90697C3EC8}.Debug|x64.ActiveCfg = Debug|x64
		{9AC0C365-4AFD-4C2B-B37F-EE90697C3EC8}.Debug|x64.Build.0 = Debug|x64
		{9AC0C365-4AFD-4C2B-B37F-EE90697C3EC8}.Debug|x86.ActiveCfg = Debug|x86
		{9AC0C365-4AFD-4C2B-B37F-EE90697C3EC8}.Debug|x86.Build.0 = Debug|x86
		{9AC0C365-4AFD-4C2B-B37F-EE90697C3EC8}.Release|Any CPU.ActiveCfg = Release|Any CPU
		{9AC0C365-4AFD-4C2B-B37F-EE90697C3EC8}.Release|Any CPU.Build.0 = Release|Any CPU
		{9AC0C365-4AFD-4C2B-B37F-EE90697C3EC8}.Release|x64.ActiveCfg = Release|x64
		{9AC0C365-4AFD-4C2B-B37F-EE90697C3EC8}.Release|x64.Build.0 = Release|x64
		{9AC0C365-4AFD-4C2B-B37F-EE90697C3EC8}.Release|x86.ActiveCfg = Release|x86
		{9AC0C365-4AFD-4C2B-B37F-EE90697C3EC8}.Release|x86.Build.0 = Release|x86
		{16A387D9-95DC-435E-869B-24DAFD169738}.Debug|Any CPU.ActiveCfg = Debug|Any CPU
		{16A387D9-95DC-435E-869B-24DAFD169738}.Debug|Any CPU.Build.0 = Debug|Any CPU
		{16A387D9-95DC-435E-869B-24DAFD169738}.Debug|x64.ActiveCfg = Debug|x64
		{16A387D9-95DC-435E-869B-24DAFD169738}.Debug|x64.Build.0 = Debug|x64
		{16A387D9-95DC-435E-869B-24DAFD169738}.Debug|x86.ActiveCfg = Debug|x86
		{16A387D9-95DC-435E-869B-24DAFD169738}.Debug|x86.Build.0 = Debug|x86
		{16A387D9-95DC-435E-869B-24DAFD169738}.Release|Any CPU.ActiveCfg = Release|Any CPU
		{16A387D9-95DC-435E-869B-24DAFD169738}.Release|Any CPU.Build.0 = Release|Any CPU
		{16A387D9-95DC-435E-869B-24DAFD169738}.Release|x64.ActiveCfg = Release|x64
		{16A387D9-95DC-435E-869B-24DAFD169738}.Release|x64.Build.0 = Release|x64
		{16A387D9-95DC-435E-869B-24DAFD169738}.Release|x86.ActiveCfg = Release|x86
		{16A387D9-95DC-435E-869B-24DAFD169738}.Release|x86.Build.0 = Release|x86
		{B8273AC0-692F-427B-8F19-3659A70CF0FF}.Debug|Any CPU.ActiveCfg = Debug|Any CPU
		{B8273AC0-692F-427B-8F19-3659A70CF0FF}.Debug|Any CPU.Build.0 = Debug|Any CPU
		{B8273AC0-692F-427B-8F19-3659A70CF0FF}.Debug|x64.ActiveCfg = Debug|x64
		{B8273AC0-692F-427B-8F19-3659A70CF0FF}.Debug|x64.Build.0 = Debug|x64
		{B8273AC0-692F-427B-8F19-3659A70CF0FF}.Debug|x86.ActiveCfg = Debug|x86
		{B8273AC0-692F-427B-8F19-3659A70CF0FF}.Debug|x86.Build.0 = Debug|x86
		{B8273AC0-692F-427B-8F19-3659A70CF0FF}.Release|Any CPU.ActiveCfg = Release|Any CPU
		{B8273AC0-692F-427B-8F19-3659A70CF0FF}.Release|Any CPU.Build.0 = Release|Any CPU
		{B8273AC0-692F-427B-8F19-3659A70CF0FF}.Release|x64.ActiveCfg = Release|x64
		{B8273AC0-692F-427B-8F19-3659A70CF0FF}.Release|x64.Build.0 = Release|x64
		{B8273AC0-692F-427B-8F19-3659A70CF0FF}.Release|x86.ActiveCfg = Release|x86
		{B8273AC0-692F-427B-8F19-3659A70CF0FF}.Release|x86.Build.0 = Release|x86
		{9FFD9C73-9981-4AF0-806C-A98D5C4BC962}.Debug|Any CPU.ActiveCfg = Debug|Any CPU
		{9FFD9C73-9981-4AF0-806C-A98D5C4BC962}.Debug|Any CPU.Build.0 = Debug|Any CPU
		{9FFD9C73-9981-4AF0-806C-A98D5C4BC962}.Debug|x64.ActiveCfg = Debug|x64
		{9FFD9C73-9981-4AF0-806C-A98D5C4BC962}.Debug|x64.Build.0 = Debug|x64
		{9FFD9C73-9981-4AF0-806C-A98D5C4BC962}.Debug|x86.ActiveCfg = Debug|x86
		{9FFD9C73-9981-4AF0-806C-A98D5C4BC962}.Debug|x86.Build.0 = Debug|x86
		{9FFD9C73-9981-4AF0-806C-A98D5C4BC962}.Release|Any CPU.ActiveCfg = Release|Any CPU
		{9FFD9C73-9981-4AF0-806C-A98D5C4BC962}.Release|Any CPU.Build.0 = Release|Any CPU
		{9FFD9C73-9981-4AF0-806C-A98D5C4BC962}.Release|x64.ActiveCfg = Release|x64
		{9FFD9C73-9981-4AF0-806C-A98D5C4BC962}.Release|x64.Build.0 = Release|x64
		{9FFD9C73-9981-4AF0-806C-A98D5C4BC962}.Release|x86.ActiveCfg = Release|x86
		{9FFD9C73-9981-4AF0-806C-A98D5C4BC962}.Release|x86.Build.0 = Release|x86
		{1D57BBB1-387A-43C1-A94C-BDE44DA88C2B}.Debug|Any CPU.ActiveCfg = Debug|Any CPU
		{1D57BBB1-387A-43C1-A94C-BDE44DA88C2B}.Debug|Any CPU.Build.0 = Debug|Any CPU
		{1D57BBB1-387A-43C1-A94C-BDE44DA88C2B}.Debug|x64.ActiveCfg = Debug|x64
		{1D57BBB1-387A-43C1-A94C-BDE44DA88C2B}.Debug|x64.Build.0 = Debug|x64
		{1D57BBB1-387A-43C1-A94C-BDE44DA88C2B}.Debug|x86.ActiveCfg = Debug|x86
		{1D57BBB1-387A-43C1-A94C-BDE44DA88C2B}.Debug|x86.Build.0 = Debug|x86
		{1D57BBB1-387A-43C1-A94C-BDE44DA88C2B}.Release|Any CPU.ActiveCfg = Release|Any CPU
		{1D57BBB1-387A-43C1-A94C-BDE44DA88C2B}.Release|Any CPU.Build.0 = Release|Any CPU
		{1D57BBB1-387A-43C1-A94C-BDE44DA88C2B}.Release|x64.ActiveCfg = Release|x64
		{1D57BBB1-387A-43C1-A94C-BDE44DA88C2B}.Release|x64.Build.0 = Release|x64
		{1D57BBB1-387A-43C1-A94C-BDE44DA88C2B}.Release|x86.ActiveCfg = Release|x86
		{1D57BBB1-387A-43C1-A94C-BDE44DA88C2B}.Release|x86.Build.0 = Release|x86
		{422A018A-0650-4495-B91F-2489F97F0ED7}.Debug|Any CPU.ActiveCfg = Debug|Any CPU
		{422A018A-0650-4495-B91F-2489F97F0ED7}.Debug|Any CPU.Build.0 = Debug|Any CPU
		{422A018A-0650-4495-B91F-2489F97F0ED7}.Debug|x64.ActiveCfg = Debug|x64
		{422A018A-0650-4495-B91F-2489F97F0ED7}.Debug|x64.Build.0 = Debug|x64
		{422A018A-0650-4495-B91F-2489F97F0ED7}.Debug|x86.ActiveCfg = Debug|x86
		{422A018A-0650-4495-B91F-2489F97F0ED7}.Debug|x86.Build.0 = Debug|x86
		{422A018A-0650-4495-B91F-2489F97F0ED7}.Release|Any CPU.ActiveCfg = Release|Any CPU
		{422A018A-0650-4495-B91F-2489F97F0ED7}.Release|Any CPU.Build.0 = Release|Any CPU
		{422A018A-0650-4495-B91F-2489F97F0ED7}.Release|x64.ActiveCfg = Release|x64
		{422A018A-0650-4495-B91F-2489F97F0ED7}.Release|x64.Build.0 = Release|x64
		{422A018A-0650-4495-B91F-2489F97F0ED7}.Release|x86.ActiveCfg = Release|x86
		{422A018A-0650-4495-B91F-2489F97F0ED7}.Release|x86.Build.0 = Release|x86
		{D8EA415D-32C7-4F83-95C6-7F2F7803AB16}.Debug|Any CPU.ActiveCfg = Debug|Any CPU
		{D8EA415D-32C7-4F83-95C6-7F2F7803AB16}.Debug|Any CPU.Build.0 = Debug|Any CPU
		{D8EA415D-32C7-4F83-95C6-7F2F7803AB16}.Debug|x64.ActiveCfg = Debug|x64
		{D8EA415D-32C7-4F83-95C6-7F2F7803AB16}.Debug|x64.Build.0 = Debug|x64
		{D8EA415D-32C7-4F83-95C6-7F2F7803AB16}.Debug|x86.ActiveCfg = Debug|x86
		{D8EA415D-32C7-4F83-95C6-7F2F7803AB16}.Debug|x86.Build.0 = Debug|x86
		{D8EA415D-32C7-4F83-95C6-7F2F7803AB16}.Release|Any CPU.ActiveCfg = Release|Any CPU
		{D8EA415D-32C7-4F83-95C6-7F2F7803AB16}.Release|Any CPU.Build.0 = Release|Any CPU
		{D8EA415D-32C7-4F83-95C6-7F2F7803AB16}.Release|x64.ActiveCfg = Release|x64
		{D8EA415D-32C7-4F83-95C6-7F2F7803AB16}.Release|x64.Build.0 = Release|x64
		{D8EA415D-32C7-4F83-95C6-7F2F7803AB16}.Release|x86.ActiveCfg = Release|x86
		{D8EA415D-32C7-4F83-95C6-7F2F7803AB16}.Release|x86.Build.0 = Release|x86
		{5136BC02-688E-4693-A5E8-B9F18D55D4AC}.Debug|Any CPU.ActiveCfg = Debug|Any CPU
		{5136BC02-688E-4693-A5E8-B9F18D55D4AC}.Debug|Any CPU.Build.0 = Debug|Any CPU
		{5136BC02-688E-4693-A5E8-B9F18D55D4AC}.Debug|x64.ActiveCfg = Debug|x64
		{5136BC02-688E-4693-A5E8-B9F18D55D4AC}.Debug|x64.Build.0 = Debug|x64
		{5136BC02-688E-4693-A5E8-B9F18D55D4AC}.Debug|x86.ActiveCfg = Debug|x86
		{5136BC02-688E-4693-A5E8-B9F18D55D4AC}.Debug|x86.Build.0 = Debug|x86
		{5136BC02-688E-4693-A5E8-B9F18D55D4AC}.Release|Any CPU.ActiveCfg = Release|Any CPU
		{5136BC02-688E-4693-A5E8-B9F18D55D4AC}.Release|Any CPU.Build.0 = Release|Any CPU
		{5136BC02-688E-4693-A5E8-B9F18D55D4AC}.Release|x64.ActiveCfg = Release|x64
		{5136BC02-688E-4693-A5E8-B9F18D55D4AC}.Release|x64.Build.0 = Release|x64
		{5136BC02-688E-4693-A5E8-B9F18D55D4AC}.Release|x86.ActiveCfg = Release|x86
		{5136BC02-688E-4693-A5E8-B9F18D55D4AC}.Release|x86.Build.0 = Release|x86
		{220F220A-4DED-4B2B-8BFF-675FEE739735}.Debug|Any CPU.ActiveCfg = Debug|Any CPU
		{220F220A-4DED-4B2B-8BFF-675FEE739735}.Debug|Any CPU.Build.0 = Debug|Any CPU
		{220F220A-4DED-4B2B-8BFF-675FEE739735}.Debug|x64.ActiveCfg = Debug|x64
		{220F220A-4DED-4B2B-8BFF-675FEE739735}.Debug|x64.Build.0 = Debug|x64
		{220F220A-4DED-4B2B-8BFF-675FEE739735}.Debug|x86.ActiveCfg = Debug|x86
		{220F220A-4DED-4B2B-8BFF-675FEE739735}.Debug|x86.Build.0 = Debug|x86
		{220F220A-4DED-4B2B-8BFF-675FEE739735}.Release|Any CPU.ActiveCfg = Release|Any CPU
		{220F220A-4DED-4B2B-8BFF-675FEE739735}.Release|Any CPU.Build.0 = Release|Any CPU
		{220F220A-4DED-4B2B-8BFF-675FEE739735}.Release|x64.ActiveCfg = Release|x64
		{220F220A-4DED-4B2B-8BFF-675FEE739735}.Release|x64.Build.0 = Release|x64
		{220F220A-4DED-4B2B-8BFF-675FEE739735}.Release|x86.ActiveCfg = Release|x86
		{220F220A-4DED-4B2B-8BFF-675FEE739735}.Release|x86.Build.0 = Release|x86
		{84069D70-F547-4EB8-8C87-F17498181392}.Debug|Any CPU.ActiveCfg = Debug|Any CPU
		{84069D70-F547-4EB8-8C87-F17498181392}.Debug|Any CPU.Build.0 = Debug|Any CPU
		{84069D70-F547-4EB8-8C87-F17498181392}.Debug|x64.ActiveCfg = Debug|x64
		{84069D70-F547-4EB8-8C87-F17498181392}.Debug|x64.Build.0 = Debug|x64
		{84069D70-F547-4EB8-8C87-F17498181392}.Debug|x86.ActiveCfg = Debug|x86
		{84069D70-F547-4EB8-8C87-F17498181392}.Debug|x86.Build.0 = Debug|x86
		{84069D70-F547-4EB8-8C87-F17498181392}.Release|Any CPU.ActiveCfg = Release|Any CPU
		{84069D70-F547-4EB8-8C87-F17498181392}.Release|Any CPU.Build.0 = Release|Any CPU
		{84069D70-F547-4EB8-8C87-F17498181392}.Release|x64.ActiveCfg = Release|x64
		{84069D70-F547-4EB8-8C87-F17498181392}.Release|x64.Build.0 = Release|x64
		{84069D70-F547-4EB8-8C87-F17498181392}.Release|x86.ActiveCfg = Release|x86
		{84069D70-F547-4EB8-8C87-F17498181392}.Release|x86.Build.0 = Release|x86
		{385AFA62-6925-40ED-9C7A-A957C8393214}.Debug|Any CPU.ActiveCfg = Debug|Any CPU
		{385AFA62-6925-40ED-9C7A-A957C8393214}.Debug|Any CPU.Build.0 = Debug|Any CPU
		{385AFA62-6925-40ED-9C7A-A957C8393214}.Debug|x64.ActiveCfg = Debug|x64
		{385AFA62-6925-40ED-9C7A-A957C8393214}.Debug|x64.Build.0 = Debug|x64
		{385AFA62-6925-40ED-9C7A-A957C8393214}.Debug|x86.ActiveCfg = Debug|x86
		{385AFA62-6925-40ED-9C7A-A957C8393214}.Debug|x86.Build.0 = Debug|x86
		{385AFA62-6925-40ED-9C7A-A957C8393214}.Release|Any CPU.ActiveCfg = Release|Any CPU
		{385AFA62-6925-40ED-9C7A-A957C8393214}.Release|Any CPU.Build.0 = Release|Any CPU
		{385AFA62-6925-40ED-9C7A-A957C8393214}.Release|x64.ActiveCfg = Release|x64
		{385AFA62-6925-40ED-9C7A-A957C8393214}.Release|x64.Build.0 = Release|x64
		{385AFA62-6925-40ED-9C7A-A957C8393214}.Release|x86.ActiveCfg = Release|x86
		{385AFA62-6925-40ED-9C7A-A957C8393214}.Release|x86.Build.0 = Release|x86
	EndGlobalSection
	GlobalSection(SolutionProperties) = preSolution
		HideSolutionNode = FALSE
	EndGlobalSection
EndGlobal
